
Microsoft Visual Studio Solution File, Format Version 12.00
# Visual Studio 15
VisualStudioVersion = 15.0.26430.6
MinimumVisualStudioVersion = 10.0.40219.1
Project("{FAE04EC0-301F-11D3-BF4B-00C04F79EFBC}") = "Microsoft.Knowzy.WPF", "src\Microsoft.Knowzy.WPF\Microsoft.Knowzy.WPF.csproj", "{A5C6D61A-0FD5-48F8-B574-4B46D188550B}"
EndProject
Project("{2150E333-8FDC-42A3-9474-1A3956D46DE8}") = "src", "src", "{494D40EA-694C-49FA-8347-840B8BF1BAD6}"
EndProject
Project("{2150E333-8FDC-42A3-9474-1A3956D46DE8}") = "Solution Items", "Solution Items", "{0202C4AB-A98F-4526-8AFB-5814E1571BF0}"
	ProjectSection(SolutionItems) = preProject
		.gitattributes = .gitattributes
		.gitignore = .gitignore
		README.md = README.md
	EndProjectSection
EndProject
Project("{FAE04EC0-301F-11D3-BF4B-00C04F79EFBC}") = "Microsoft.Knowzy.AuthenticationService", "src\Microsoft.Knowzy.AuthenticationService\Microsoft.Knowzy.AuthenticationService.csproj", "{20F1D78F-6E71-4FBA-BB7D-1D54EA11E012}"
EndProject
Project("{FAE04EC0-301F-11D3-BF4B-00C04F79EFBC}") = "Microsoft.Knowzy.Common", "src\Microsoft.Knowzy.Common\Microsoft.Knowzy.Common.csproj", "{C7BF0C4C-4D81-4545-9143-4FB3470E37B6}"
EndProject
Project("{FAE04EC0-301F-11D3-BF4B-00C04F79EFBC}") = "Microsoft.Knowzy.ConfigurationService", "src\Microsoft.Knowzy.ConfigurationService\Microsoft.Knowzy.ConfigurationService.csproj", "{01EF3CFF-D354-4B3F-B4B3-CA1863CCD686}"
EndProject
Project("{FAE04EC0-301F-11D3-BF4B-00C04F79EFBC}") = "Microsoft.Knowzy.Domain", "src\Microsoft.Knowzy.Domain\Microsoft.Knowzy.Domain.csproj", "{1910D6CC-60ED-45F2-8E73-4E6DB2343DB5}"
EndProject
Project("{FAE04EC0-301F-11D3-BF4B-00C04F79EFBC}") = "Microsoft.Knowzy.JsonDataProvider", "src\Microsoft.Knowzy.JsonDataProvider\Microsoft.Knowzy.JsonDataProvider.csproj", "{078AF6D3-A69F-40CC-B349-48CD82411408}"
EndProject
Global
	GlobalSection(SolutionConfigurationPlatforms) = preSolution
		Debug|Any CPU = Debug|Any CPU
		Release|Any CPU = Release|Any CPU
	EndGlobalSection
	GlobalSection(ProjectConfigurationPlatforms) = postSolution
		{A5C6D61A-0FD5-48F8-B574-4B46D188550B}.Debug|Any CPU.ActiveCfg = Debug|Any CPU
		{A5C6D61A-0FD5-48F8-B574-4B46D188550B}.Debug|Any CPU.Build.0 = Debug|Any CPU
		{A5C6D61A-0FD5-48F8-B574-4B46D188550B}.Release|Any CPU.ActiveCfg = Release|Any CPU
		{A5C6D61A-0FD5-48F8-B574-4B46D188550B}.Release|Any CPU.Build.0 = Release|Any CPU
		{20F1D78F-6E71-4FBA-BB7D-1D54EA11E012}.Debug|Any CPU.ActiveCfg = Debug|Any CPU
		{20F1D78F-6E71-4FBA-BB7D-1D54EA11E012}.Debug|Any CPU.Build.0 = Debug|Any CPU
		{20F1D78F-6E71-4FBA-BB7D-1D54EA11E012}.Release|Any CPU.ActiveCfg = Release|Any CPU
		{20F1D78F-6E71-4FBA-BB7D-1D54EA11E012}.Release|Any CPU.Build.0 = Release|Any CPU
		{C7BF0C4C-4D81-4545-9143-4FB3470E37B6}.Debug|Any CPU.ActiveCfg = Debug|Any CPU
		{C7BF0C4C-4D81-4545-9143-4FB3470E37B6}.Debug|Any CPU.Build.0 = Debug|Any CPU
		{C7BF0C4C-4D81-4545-9143-4FB3470E37B6}.Release|Any CPU.ActiveCfg = Release|Any CPU
		{C7BF0C4C-4D81-4545-9143-4FB3470E37B6}.Release|Any CPU.Build.0 = Release|Any CPU
		{01EF3CFF-D354-4B3F-B4B3-CA1863CCD686}.Debug|Any CPU.ActiveCfg = Debug|Any CPU
		{01EF3CFF-D354-4B3F-B4B3-CA1863CCD686}.Debug|Any CPU.Build.0 = Debug|Any CPU
		{01EF3CFF-D354-4B3F-B4B3-CA1863CCD686}.Release|Any CPU.ActiveCfg = Release|Any CPU
		{01EF3CFF-D354-4B3F-B4B3-CA1863CCD686}.Release|Any CPU.Build.0 = Release|Any CPU
		{1910D6CC-60ED-45F2-8E73-4E6DB2343DB5}.Debug|Any CPU.ActiveCfg = Debug|Any CPU
		{1910D6CC-60ED-45F2-8E73-4E6DB2343DB5}.Debug|Any CPU.Build.0 = Debug|Any CPU
		{1910D6CC-60ED-45F2-8E73-4E6DB2343DB5}.Release|Any CPU.ActiveCfg = Release|Any CPU
		{1910D6CC-60ED-45F2-8E73-4E6DB2343DB5}.Release|Any CPU.Build.0 = Release|Any CPU
		{078AF6D3-A69F-40CC-B349-48CD82411408}.Debug|Any CPU.ActiveCfg = Debug|Any CPU
		{078AF6D3-A69F-40CC-B349-48CD82411408}.Debug|Any CPU.Build.0 = Debug|Any CPU
		{078AF6D3-A69F-40CC-B349-48CD82411408}.Release|Any CPU.ActiveCfg = Release|Any CPU
		{078AF6D3-A69F-40CC-B349-48CD82411408}.Release|Any CPU.Build.0 = Release|Any CPU
	EndGlobalSection
	GlobalSection(SolutionProperties) = preSolution
		HideSolutionNode = FALSE
	EndGlobalSection
	GlobalSection(NestedProjects) = preSolution
		{A5C6D61A-0FD5-48F8-B574-4B46D188550B} = {494D40EA-694C-49FA-8347-840B8BF1BAD6}
		{20F1D78F-6E71-4FBA-BB7D-1D54EA11E012} = {494D40EA-694C-49FA-8347-840B8BF1BAD6}
		{C7BF0C4C-4D81-4545-9143-4FB3470E37B6} = {494D40EA-694C-49FA-8347-840B8BF1BAD6}
		{01EF3CFF-D354-4B3F-B4B3-CA1863CCD686} = {494D40EA-694C-49FA-8347-840B8BF1BAD6}
		{1910D6CC-60ED-45F2-8E73-4E6DB2343DB5} = {494D40EA-694C-49FA-8347-840B8BF1BAD6}
		{078AF6D3-A69F-40CC-B349-48CD82411408} = {494D40EA-694C-49FA-8347-840B8BF1BAD6}
	EndGlobalSection
EndGlobal
