
Microsoft Visual Studio Solution File, Format Version 12.00
# Visual Studio 15
VisualStudioVersion = 15.0.26430.6
MinimumVisualStudioVersion = 10.0.40219.1
Project("{FAE04EC0-301F-11D3-BF4B-00C04F79EFBC}") = "Microsoft.Knowzy.WPF", "src\Microsoft.Knowzy.WPF\Microsoft.Knowzy.WPF.csproj", "{A5C6D61A-0FD5-48F8-B574-4B46D188550B}"
EndProject
Project("{2150E333-8FDC-42A3-9474-1A3956D46DE8}") = "src", "src", "{494D40EA-694C-49FA-8347-840B8BF1BAD6}"
EndProject
Project("{2150E333-8FDC-42A3-9474-1A3956D46DE8}") = "Solution Items", "Solution Items", "{0202C4AB-A98F-4526-8AFB-5814E1571BF0}"
	ProjectSection(SolutionItems) = preProject
		.gitattributes = .gitattributes
		.gitignore = .gitignore
		README.md = README.md
	EndProjectSection
EndProject
Project("{FAE04EC0-301F-11D3-BF4B-00C04F79EFBC}") = "Microsoft.Knowzy.AuthenticationService", "src\Microsoft.Knowzy.AuthenticationService\Microsoft.Knowzy.AuthenticationService.csproj", "{20F1D78F-6E71-4FBA-BB7D-1D54EA11E012}"
EndProject
Project("{FAE04EC0-301F-11D3-BF4B-00C04F79EFBC}") = "Microsoft.Knowzy.Common", "src\Microsoft.Knowzy.Common\Microsoft.Knowzy.Common.csproj", "{C7BF0C4C-4D81-4545-9143-4FB3470E37B6}"
EndProject
Project("{FAE04EC0-301F-11D3-BF4B-00C04F79EFBC}") = "Microsoft.Knowzy.ConfigurationService", "src\Microsoft.Knowzy.ConfigurationService\Microsoft.Knowzy.ConfigurationService.csproj", "{01EF3CFF-D354-4B3F-B4B3-CA1863CCD686}"
EndProject
Project("{FAE04EC0-301F-11D3-BF4B-00C04F79EFBC}") = "Microsoft.Knowzy.Domain", "src\Microsoft.Knowzy.Domain\Microsoft.Knowzy.Domain.csproj", "{1910D6CC-60ED-45F2-8E73-4E6DB2343DB5}"
EndProject
Project("{FAE04EC0-301F-11D3-BF4B-00C04F79EFBC}") = "Microsoft.Knowzy.JsonDataProvider", "src\Microsoft.Knowzy.JsonDataProvider\Microsoft.Knowzy.JsonDataProvider.csproj", "{078AF6D3-A69F-40CC-B349-48CD82411408}"
EndProject
Project("{FAE04EC0-301F-11D3-BF4B-00C04F79EFBC}") = "Microsoft.Knowzy.Debug", "src\Microsoft.Knowzy.Debug\Microsoft.Knowzy.Debug.vsdproj", "{3365D7FB-BC37-41B4-A556-564EF4299F17}"
	ProjectSection(ProjectDependencies) = postProject
		{A5C6D61A-0FD5-48F8-B574-4B46D188550B} = {A5C6D61A-0FD5-48F8-B574-4B46D188550B}
		{BEFA1DCD-37D1-461B-A850-81B27B4C6163} = {BEFA1DCD-37D1-461B-A850-81B27B4C6163}
	EndProjectSection
EndProject
Project("{FAE04EC0-301F-11D3-BF4B-00C04F79EFBC}") = "Microsoft.Knowzy.UwpHelpers", "src\Microsoft.Knowzy.UwpHelpers\Microsoft.Knowzy.UwpHelpers.csproj", "{4C2138AF-4FB0-4F73-8D7A-69C56C6E7639}"
EndProject
Project("{FAE04EC0-301F-11D3-BF4B-00C04F79EFBC}") = "Microsoft.Knowzy.UWP", "src\Microsoft.Knowzy.UWP\Microsoft.Knowzy.UWP.csproj", "{BEFA1DCD-37D1-461B-A850-81B27B4C6163}"
	ProjectSection(ProjectDependencies) = postProject
		{A5C6D61A-0FD5-48F8-B574-4B46D188550B} = {A5C6D61A-0FD5-48F8-B574-4B46D188550B}
	EndProjectSection
EndProject
Project("{FAE04EC0-301F-11D3-BF4B-00C04F79EFBC}") = "Microsoft.Knowzy.AppService", "src\Microsoft.Knowzy.AppService\Microsoft.Knowzy.AppService.csproj", "{3B00E5BC-3317-4212-83EE-5EC5B79058DF}"
EndProject
Global
	GlobalSection(SolutionConfigurationPlatforms) = preSolution
		Debug|Any CPU = Debug|Any CPU
		Debug|ARM = Debug|ARM
		Debug|x64 = Debug|x64
		Debug|x86 = Debug|x86
		Release|Any CPU = Release|Any CPU
		Release|ARM = Release|ARM
		Release|x64 = Release|x64
		Release|x86 = Release|x86
	EndGlobalSection
	GlobalSection(ProjectConfigurationPlatforms) = postSolution
		{A5C6D61A-0FD5-48F8-B574-4B46D188550B}.Debug|Any CPU.ActiveCfg = Debug|Any CPU
		{A5C6D61A-0FD5-48F8-B574-4B46D188550B}.Debug|Any CPU.Build.0 = Debug|Any CPU
		{A5C6D61A-0FD5-48F8-B574-4B46D188550B}.Debug|ARM.ActiveCfg = Debug|Any CPU
		{A5C6D61A-0FD5-48F8-B574-4B46D188550B}.Debug|ARM.Build.0 = Debug|Any CPU
		{A5C6D61A-0FD5-48F8-B574-4B46D188550B}.Debug|x64.ActiveCfg = Debug|Any CPU
		{A5C6D61A-0FD5-48F8-B574-4B46D188550B}.Debug|x64.Build.0 = Debug|Any CPU
		{A5C6D61A-0FD5-48F8-B574-4B46D188550B}.Debug|x86.ActiveCfg = Debug|Any CPU
		{A5C6D61A-0FD5-48F8-B574-4B46D188550B}.Debug|x86.Build.0 = Debug|Any CPU
		{A5C6D61A-0FD5-48F8-B574-4B46D188550B}.Release|Any CPU.ActiveCfg = Release|Any CPU
		{A5C6D61A-0FD5-48F8-B574-4B46D188550B}.Release|Any CPU.Build.0 = Release|Any CPU
		{A5C6D61A-0FD5-48F8-B574-4B46D188550B}.Release|ARM.ActiveCfg = Release|Any CPU
		{A5C6D61A-0FD5-48F8-B574-4B46D188550B}.Release|ARM.Build.0 = Release|Any CPU
		{A5C6D61A-0FD5-48F8-B574-4B46D188550B}.Release|x64.ActiveCfg = Release|Any CPU
		{A5C6D61A-0FD5-48F8-B574-4B46D188550B}.Release|x64.Build.0 = Release|Any CPU
		{A5C6D61A-0FD5-48F8-B574-4B46D188550B}.Release|x86.ActiveCfg = Release|Any CPU
		{A5C6D61A-0FD5-48F8-B574-4B46D188550B}.Release|x86.Build.0 = Release|Any CPU
		{20F1D78F-6E71-4FBA-BB7D-1D54EA11E012}.Debug|Any CPU.ActiveCfg = Debug|Any CPU
		{20F1D78F-6E71-4FBA-BB7D-1D54EA11E012}.Debug|Any CPU.Build.0 = Debug|Any CPU
		{20F1D78F-6E71-4FBA-BB7D-1D54EA11E012}.Debug|ARM.ActiveCfg = Debug|Any CPU
		{20F1D78F-6E71-4FBA-BB7D-1D54EA11E012}.Debug|ARM.Build.0 = Debug|Any CPU
		{20F1D78F-6E71-4FBA-BB7D-1D54EA11E012}.Debug|x64.ActiveCfg = Debug|Any CPU
		{20F1D78F-6E71-4FBA-BB7D-1D54EA11E012}.Debug|x64.Build.0 = Debug|Any CPU
		{20F1D78F-6E71-4FBA-BB7D-1D54EA11E012}.Debug|x86.ActiveCfg = Debug|Any CPU
		{20F1D78F-6E71-4FBA-BB7D-1D54EA11E012}.Debug|x86.Build.0 = Debug|Any CPU
		{20F1D78F-6E71-4FBA-BB7D-1D54EA11E012}.Release|Any CPU.ActiveCfg = Release|Any CPU
		{20F1D78F-6E71-4FBA-BB7D-1D54EA11E012}.Release|Any CPU.Build.0 = Release|Any CPU
		{20F1D78F-6E71-4FBA-BB7D-1D54EA11E012}.Release|ARM.ActiveCfg = Release|Any CPU
		{20F1D78F-6E71-4FBA-BB7D-1D54EA11E012}.Release|ARM.Build.0 = Release|Any CPU
		{20F1D78F-6E71-4FBA-BB7D-1D54EA11E012}.Release|x64.ActiveCfg = Release|Any CPU
		{20F1D78F-6E71-4FBA-BB7D-1D54EA11E012}.Release|x64.Build.0 = Release|Any CPU
		{20F1D78F-6E71-4FBA-BB7D-1D54EA11E012}.Release|x86.ActiveCfg = Release|Any CPU
		{20F1D78F-6E71-4FBA-BB7D-1D54EA11E012}.Release|x86.Build.0 = Release|Any CPU
		{C7BF0C4C-4D81-4545-9143-4FB3470E37B6}.Debug|Any CPU.ActiveCfg = Debug|Any CPU
		{C7BF0C4C-4D81-4545-9143-4FB3470E37B6}.Debug|Any CPU.Build.0 = Debug|Any CPU
		{C7BF0C4C-4D81-4545-9143-4FB3470E37B6}.Debug|ARM.ActiveCfg = Debug|Any CPU
		{C7BF0C4C-4D81-4545-9143-4FB3470E37B6}.Debug|ARM.Build.0 = Debug|Any CPU
		{C7BF0C4C-4D81-4545-9143-4FB3470E37B6}.Debug|x64.ActiveCfg = Debug|Any CPU
		{C7BF0C4C-4D81-4545-9143-4FB3470E37B6}.Debug|x64.Build.0 = Debug|Any CPU
		{C7BF0C4C-4D81-4545-9143-4FB3470E37B6}.Debug|x86.ActiveCfg = Debug|Any CPU
		{C7BF0C4C-4D81-4545-9143-4FB3470E37B6}.Debug|x86.Build.0 = Debug|Any CPU
		{C7BF0C4C-4D81-4545-9143-4FB3470E37B6}.Release|Any CPU.ActiveCfg = Release|Any CPU
		{C7BF0C4C-4D81-4545-9143-4FB3470E37B6}.Release|Any CPU.Build.0 = Release|Any CPU
		{C7BF0C4C-4D81-4545-9143-4FB3470E37B6}.Release|ARM.ActiveCfg = Release|Any CPU
		{C7BF0C4C-4D81-4545-9143-4FB3470E37B6}.Release|ARM.Build.0 = Release|Any CPU
		{C7BF0C4C-4D81-4545-9143-4FB3470E37B6}.Release|x64.ActiveCfg = Release|Any CPU
		{C7BF0C4C-4D81-4545-9143-4FB3470E37B6}.Release|x64.Build.0 = Release|Any CPU
		{C7BF0C4C-4D81-4545-9143-4FB3470E37B6}.Release|x86.ActiveCfg = Release|Any CPU
		{C7BF0C4C-4D81-4545-9143-4FB3470E37B6}.Release|x86.Build.0 = Release|Any CPU
		{01EF3CFF-D354-4B3F-B4B3-CA1863CCD686}.Debug|Any CPU.ActiveCfg = Debug|Any CPU
		{01EF3CFF-D354-4B3F-B4B3-CA1863CCD686}.Debug|Any CPU.Build.0 = Debug|Any CPU
		{01EF3CFF-D354-4B3F-B4B3-CA1863CCD686}.Debug|ARM.ActiveCfg = Debug|Any CPU
		{01EF3CFF-D354-4B3F-B4B3-CA1863CCD686}.Debug|ARM.Build.0 = Debug|Any CPU
		{01EF3CFF-D354-4B3F-B4B3-CA1863CCD686}.Debug|x64.ActiveCfg = Debug|Any CPU
		{01EF3CFF-D354-4B3F-B4B3-CA1863CCD686}.Debug|x64.Build.0 = Debug|Any CPU
		{01EF3CFF-D354-4B3F-B4B3-CA1863CCD686}.Debug|x86.ActiveCfg = Debug|Any CPU
		{01EF3CFF-D354-4B3F-B4B3-CA1863CCD686}.Debug|x86.Build.0 = Debug|Any CPU
		{01EF3CFF-D354-4B3F-B4B3-CA1863CCD686}.Release|Any CPU.ActiveCfg = Release|Any CPU
		{01EF3CFF-D354-4B3F-B4B3-CA1863CCD686}.Release|Any CPU.Build.0 = Release|Any CPU
		{01EF3CFF-D354-4B3F-B4B3-CA1863CCD686}.Release|ARM.ActiveCfg = Release|Any CPU
		{01EF3CFF-D354-4B3F-B4B3-CA1863CCD686}.Release|ARM.Build.0 = Release|Any CPU
		{01EF3CFF-D354-4B3F-B4B3-CA1863CCD686}.Release|x64.ActiveCfg = Release|Any CPU
		{01EF3CFF-D354-4B3F-B4B3-CA1863CCD686}.Release|x64.Build.0 = Release|Any CPU
		{01EF3CFF-D354-4B3F-B4B3-CA1863CCD686}.Release|x86.ActiveCfg = Release|Any CPU
		{01EF3CFF-D354-4B3F-B4B3-CA1863CCD686}.Release|x86.Build.0 = Release|Any CPU
		{1910D6CC-60ED-45F2-8E73-4E6DB2343DB5}.Debug|Any CPU.ActiveCfg = Debug|Any CPU
		{1910D6CC-60ED-45F2-8E73-4E6DB2343DB5}.Debug|Any CPU.Build.0 = Debug|Any CPU
		{1910D6CC-60ED-45F2-8E73-4E6DB2343DB5}.Debug|ARM.ActiveCfg = Debug|Any CPU
		{1910D6CC-60ED-45F2-8E73-4E6DB2343DB5}.Debug|ARM.Build.0 = Debug|Any CPU
		{1910D6CC-60ED-45F2-8E73-4E6DB2343DB5}.Debug|x64.ActiveCfg = Debug|Any CPU
		{1910D6CC-60ED-45F2-8E73-4E6DB2343DB5}.Debug|x64.Build.0 = Debug|Any CPU
		{1910D6CC-60ED-45F2-8E73-4E6DB2343DB5}.Debug|x86.ActiveCfg = Debug|Any CPU
		{1910D6CC-60ED-45F2-8E73-4E6DB2343DB5}.Debug|x86.Build.0 = Debug|Any CPU
		{1910D6CC-60ED-45F2-8E73-4E6DB2343DB5}.Release|Any CPU.ActiveCfg = Release|Any CPU
		{1910D6CC-60ED-45F2-8E73-4E6DB2343DB5}.Release|Any CPU.Build.0 = Release|Any CPU
		{1910D6CC-60ED-45F2-8E73-4E6DB2343DB5}.Release|ARM.ActiveCfg = Release|Any CPU
		{1910D6CC-60ED-45F2-8E73-4E6DB2343DB5}.Release|ARM.Build.0 = Release|Any CPU
		{1910D6CC-60ED-45F2-8E73-4E6DB2343DB5}.Release|x64.ActiveCfg = Release|Any CPU
		{1910D6CC-60ED-45F2-8E73-4E6DB2343DB5}.Release|x64.Build.0 = Release|Any CPU
		{1910D6CC-60ED-45F2-8E73-4E6DB2343DB5}.Release|x86.ActiveCfg = Release|Any CPU
		{1910D6CC-60ED-45F2-8E73-4E6DB2343DB5}.Release|x86.Build.0 = Release|Any CPU
		{078AF6D3-A69F-40CC-B349-48CD82411408}.Debug|Any CPU.ActiveCfg = Debug|Any CPU
		{078AF6D3-A69F-40CC-B349-48CD82411408}.Debug|Any CPU.Build.0 = Debug|Any CPU
		{078AF6D3-A69F-40CC-B349-48CD82411408}.Debug|ARM.ActiveCfg = Debug|Any CPU
		{078AF6D3-A69F-40CC-B349-48CD82411408}.Debug|ARM.Build.0 = Debug|Any CPU
		{078AF6D3-A69F-40CC-B349-48CD82411408}.Debug|x64.ActiveCfg = Debug|Any CPU
		{078AF6D3-A69F-40CC-B349-48CD82411408}.Debug|x64.Build.0 = Debug|Any CPU
		{078AF6D3-A69F-40CC-B349-48CD82411408}.Debug|x86.ActiveCfg = Debug|Any CPU
		{078AF6D3-A69F-40CC-B349-48CD82411408}.Debug|x86.Build.0 = Debug|Any CPU
		{078AF6D3-A69F-40CC-B349-48CD82411408}.Release|Any CPU.ActiveCfg = Release|Any CPU
		{078AF6D3-A69F-40CC-B349-48CD82411408}.Release|Any CPU.Build.0 = Release|Any CPU
		{078AF6D3-A69F-40CC-B349-48CD82411408}.Release|ARM.ActiveCfg = Release|Any CPU
		{078AF6D3-A69F-40CC-B349-48CD82411408}.Release|ARM.Build.0 = Release|Any CPU
		{078AF6D3-A69F-40CC-B349-48CD82411408}.Release|x64.ActiveCfg = Release|Any CPU
		{078AF6D3-A69F-40CC-B349-48CD82411408}.Release|x64.Build.0 = Release|Any CPU
		{078AF6D3-A69F-40CC-B349-48CD82411408}.Release|x86.ActiveCfg = Release|Any CPU
		{078AF6D3-A69F-40CC-B349-48CD82411408}.Release|x86.Build.0 = Release|Any CPU
		{3365D7FB-BC37-41B4-A556-564EF4299F17}.Debug|Any CPU.ActiveCfg = Debug|Any CPU
		{3365D7FB-BC37-41B4-A556-564EF4299F17}.Debug|Any CPU.Build.0 = Debug|Any CPU
		{3365D7FB-BC37-41B4-A556-564EF4299F17}.Debug|Any CPU.Deploy.0 = Debug|Any CPU
		{3365D7FB-BC37-41B4-A556-564EF4299F17}.Debug|ARM.ActiveCfg = Debug|ARM
		{3365D7FB-BC37-41B4-A556-564EF4299F17}.Debug|ARM.Build.0 = Debug|ARM
		{3365D7FB-BC37-41B4-A556-564EF4299F17}.Debug|ARM.Deploy.0 = Debug|ARM
		{3365D7FB-BC37-41B4-A556-564EF4299F17}.Debug|x64.ActiveCfg = Debug|x64
		{3365D7FB-BC37-41B4-A556-564EF4299F17}.Debug|x64.Build.0 = Debug|x64
		{3365D7FB-BC37-41B4-A556-564EF4299F17}.Debug|x64.Deploy.0 = Debug|x64
		{3365D7FB-BC37-41B4-A556-564EF4299F17}.Debug|x86.ActiveCfg = Debug|x86
		{3365D7FB-BC37-41B4-A556-564EF4299F17}.Debug|x86.Build.0 = Debug|x86
		{3365D7FB-BC37-41B4-A556-564EF4299F17}.Debug|x86.Deploy.0 = Debug|x86
		{3365D7FB-BC37-41B4-A556-564EF4299F17}.Release|Any CPU.ActiveCfg = Release|Any CPU
		{3365D7FB-BC37-41B4-A556-564EF4299F17}.Release|Any CPU.Build.0 = Release|Any CPU
		{3365D7FB-BC37-41B4-A556-564EF4299F17}.Release|Any CPU.Deploy.0 = Release|Any CPU
		{3365D7FB-BC37-41B4-A556-564EF4299F17}.Release|ARM.ActiveCfg = Release|ARM
		{3365D7FB-BC37-41B4-A556-564EF4299F17}.Release|ARM.Build.0 = Release|ARM
		{3365D7FB-BC37-41B4-A556-564EF4299F17}.Release|ARM.Deploy.0 = Release|ARM
		{3365D7FB-BC37-41B4-A556-564EF4299F17}.Release|x64.ActiveCfg = Release|x64
		{3365D7FB-BC37-41B4-A556-564EF4299F17}.Release|x64.Build.0 = Release|x64
		{3365D7FB-BC37-41B4-A556-564EF4299F17}.Release|x64.Deploy.0 = Release|x64
		{3365D7FB-BC37-41B4-A556-564EF4299F17}.Release|x86.ActiveCfg = Release|x86
		{3365D7FB-BC37-41B4-A556-564EF4299F17}.Release|x86.Build.0 = Release|x86
		{3365D7FB-BC37-41B4-A556-564EF4299F17}.Release|x86.Deploy.0 = Release|x86
		{4C2138AF-4FB0-4F73-8D7A-69C56C6E7639}.Debug|Any CPU.ActiveCfg = Debug|Any CPU
		{4C2138AF-4FB0-4F73-8D7A-69C56C6E7639}.Debug|Any CPU.Build.0 = Debug|Any CPU
		{4C2138AF-4FB0-4F73-8D7A-69C56C6E7639}.Debug|ARM.ActiveCfg = Debug|Any CPU
		{4C2138AF-4FB0-4F73-8D7A-69C56C6E7639}.Debug|ARM.Build.0 = Debug|Any CPU
		{4C2138AF-4FB0-4F73-8D7A-69C56C6E7639}.Debug|x64.ActiveCfg = Debug|Any CPU
		{4C2138AF-4FB0-4F73-8D7A-69C56C6E7639}.Debug|x64.Build.0 = Debug|Any CPU
		{4C2138AF-4FB0-4F73-8D7A-69C56C6E7639}.Debug|x86.ActiveCfg = Debug|Any CPU
		{4C2138AF-4FB0-4F73-8D7A-69C56C6E7639}.Debug|x86.Build.0 = Debug|Any CPU
		{4C2138AF-4FB0-4F73-8D7A-69C56C6E7639}.Release|Any CPU.ActiveCfg = Release|Any CPU
		{4C2138AF-4FB0-4F73-8D7A-69C56C6E7639}.Release|Any CPU.Build.0 = Release|Any CPU
		{4C2138AF-4FB0-4F73-8D7A-69C56C6E7639}.Release|ARM.ActiveCfg = Release|Any CPU
		{4C2138AF-4FB0-4F73-8D7A-69C56C6E7639}.Release|ARM.Build.0 = Release|Any CPU
		{4C2138AF-4FB0-4F73-8D7A-69C56C6E7639}.Release|x64.ActiveCfg = Release|Any CPU
		{4C2138AF-4FB0-4F73-8D7A-69C56C6E7639}.Release|x64.Build.0 = Release|Any CPU
		{4C2138AF-4FB0-4F73-8D7A-69C56C6E7639}.Release|x86.ActiveCfg = Release|Any CPU
		{4C2138AF-4FB0-4F73-8D7A-69C56C6E7639}.Release|x86.Build.0 = Release|Any CPU
		{BEFA1DCD-37D1-461B-A850-81B27B4C6163}.Debug|Any CPU.ActiveCfg = Release|x86
		{BEFA1DCD-37D1-461B-A850-81B27B4C6163}.Debug|Any CPU.Build.0 = Release|x86
		{BEFA1DCD-37D1-461B-A850-81B27B4C6163}.Debug|Any CPU.Deploy.0 = Release|x86
		{BEFA1DCD-37D1-461B-A850-81B27B4C6163}.Debug|ARM.ActiveCfg = Debug|ARM
		{BEFA1DCD-37D1-461B-A850-81B27B4C6163}.Debug|ARM.Build.0 = Debug|ARM
		{BEFA1DCD-37D1-461B-A850-81B27B4C6163}.Debug|ARM.Deploy.0 = Debug|ARM
		{BEFA1DCD-37D1-461B-A850-81B27B4C6163}.Debug|x64.ActiveCfg = Release|x64
		{BEFA1DCD-37D1-461B-A850-81B27B4C6163}.Debug|x64.Build.0 = Release|x64
		{BEFA1DCD-37D1-461B-A850-81B27B4C6163}.Debug|x64.Deploy.0 = Release|x64
		{BEFA1DCD-37D1-461B-A850-81B27B4C6163}.Debug|x86.ActiveCfg = Release|x86
		{BEFA1DCD-37D1-461B-A850-81B27B4C6163}.Debug|x86.Build.0 = Release|x86
		{BEFA1DCD-37D1-461B-A850-81B27B4C6163}.Debug|x86.Deploy.0 = Release|x86
		{BEFA1DCD-37D1-461B-A850-81B27B4C6163}.Release|Any CPU.ActiveCfg = Release|x86
		{BEFA1DCD-37D1-461B-A850-81B27B4C6163}.Release|ARM.ActiveCfg = Release|ARM
		{BEFA1DCD-37D1-461B-A850-81B27B4C6163}.Release|ARM.Build.0 = Release|ARM
		{BEFA1DCD-37D1-461B-A850-81B27B4C6163}.Release|ARM.Deploy.0 = Release|ARM
		{BEFA1DCD-37D1-461B-A850-81B27B4C6163}.Release|x64.ActiveCfg = Release|x64
		{BEFA1DCD-37D1-461B-A850-81B27B4C6163}.Release|x64.Build.0 = Release|x64
		{BEFA1DCD-37D1-461B-A850-81B27B4C6163}.Release|x64.Deploy.0 = Release|x64
		{BEFA1DCD-37D1-461B-A850-81B27B4C6163}.Release|x86.ActiveCfg = Release|x86
		{BEFA1DCD-37D1-461B-A850-81B27B4C6163}.Release|x86.Build.0 = Release|x86
		{BEFA1DCD-37D1-461B-A850-81B27B4C6163}.Release|x86.Deploy.0 = Release|x86
		{3B00E5BC-3317-4212-83EE-5EC5B79058DF}.Debug|Any CPU.ActiveCfg = Debug|Any CPU
		{3B00E5BC-3317-4212-83EE-5EC5B79058DF}.Debug|Any CPU.Build.0 = Debug|Any CPU
		{3B00E5BC-3317-4212-83EE-5EC5B79058DF}.Debug|ARM.ActiveCfg = Debug|ARM
		{3B00E5BC-3317-4212-83EE-5EC5B79058DF}.Debug|ARM.Build.0 = Debug|ARM
		{3B00E5BC-3317-4212-83EE-5EC5B79058DF}.Debug|x64.ActiveCfg = Debug|x64
		{3B00E5BC-3317-4212-83EE-5EC5B79058DF}.Debug|x64.Build.0 = Debug|x64
		{3B00E5BC-3317-4212-83EE-5EC5B79058DF}.Debug|x86.ActiveCfg = Debug|x86
		{3B00E5BC-3317-4212-83EE-5EC5B79058DF}.Debug|x86.Build.0 = Debug|x86
		{3B00E5BC-3317-4212-83EE-5EC5B79058DF}.Release|Any CPU.ActiveCfg = Release|Any CPU
		{3B00E5BC-3317-4212-83EE-5EC5B79058DF}.Release|Any CPU.Build.0 = Release|Any CPU
		{3B00E5BC-3317-4212-83EE-5EC5B79058DF}.Release|ARM.ActiveCfg = Release|ARM
		{3B00E5BC-3317-4212-83EE-5EC5B79058DF}.Release|ARM.Build.0 = Release|ARM
		{3B00E5BC-3317-4212-83EE-5EC5B79058DF}.Release|x64.ActiveCfg = Release|x64
		{3B00E5BC-3317-4212-83EE-5EC5B79058DF}.Release|x64.Build.0 = Release|x64
		{3B00E5BC-3317-4212-83EE-5EC5B79058DF}.Release|x86.ActiveCfg = Release|x86
		{3B00E5BC-3317-4212-83EE-5EC5B79058DF}.Release|x86.Build.0 = Release|x86
	EndGlobalSection
	GlobalSection(SolutionProperties) = preSolution
		HideSolutionNode = FALSE
	EndGlobalSection
	GlobalSection(NestedProjects) = preSolution
		{A5C6D61A-0FD5-48F8-B574-4B46D188550B} = {494D40EA-694C-49FA-8347-840B8BF1BAD6}
		{20F1D78F-6E71-4FBA-BB7D-1D54EA11E012} = {494D40EA-694C-49FA-8347-840B8BF1BAD6}
		{C7BF0C4C-4D81-4545-9143-4FB3470E37B6} = {494D40EA-694C-49FA-8347-840B8BF1BAD6}
		{01EF3CFF-D354-4B3F-B4B3-CA1863CCD686} = {494D40EA-694C-49FA-8347-840B8BF1BAD6}
		{1910D6CC-60ED-45F2-8E73-4E6DB2343DB5} = {494D40EA-694C-49FA-8347-840B8BF1BAD6}
		{078AF6D3-A69F-40CC-B349-48CD82411408} = {494D40EA-694C-49FA-8347-840B8BF1BAD6}
		{3365D7FB-BC37-41B4-A556-564EF4299F17} = {494D40EA-694C-49FA-8347-840B8BF1BAD6}
		{4C2138AF-4FB0-4F73-8D7A-69C56C6E7639} = {494D40EA-694C-49FA-8347-840B8BF1BAD6}
		{BEFA1DCD-37D1-461B-A850-81B27B4C6163} = {494D40EA-694C-49FA-8347-840B8BF1BAD6}
		{3B00E5BC-3317-4212-83EE-5EC5B79058DF} = {494D40EA-694C-49FA-8347-840B8BF1BAD6}
	EndGlobalSection
EndGlobal
